<?xml version="1.0" encoding="UTF-8" standalone="yes" ?>
<CodeBlocks_project_file>
	<FileVersion major="1" minor="6" />
	<Project>
		<Option title="SUPERACION" />
		<Option pch_mode="2" />
		<Option compiler="gcc" />
		<Build>
			<Target title="Debug">
				<Option output="bin/Debug/SUPERACION" prefix_auto="1" extension_auto="1" />
				<Option object_output="obj/Debug/" />
				<Option type="1" />
				<Option compiler="gcc" />
				<Compiler>
					<Add option="-g" />
					<Add directory="ELECTREIII" />
				</Compiler>
			</Target>
			<Target title="Release">
				<Option output="bin/Release/SUPERACION" prefix_auto="1" extension_auto="1" />
				<Option object_output="obj/Release/" />
				<Option type="1" />
				<Option compiler="gcc" />
				<Compiler>
					<Add option="-O2" />
					<Add directory="ELECTREIII" />
				</Compiler>
				<Linker>
					<Add option="-s" />
				</Linker>
			</Target>
		</Build>
		<Compiler>
			<Add option="-Wall" />
			<Add option="-fexceptions" />
		</Compiler>
		<Unit filename="../LIBRERIAS/utilerias/utilerias.cpp" />
		<Unit filename="../LIBRERIAS/utilerias/utilerias.hpp" />
		<Unit filename="../METODOMULTICRITERIO/MetodoMulticriterio.cpp" />
		<Unit filename="../METODOMULTICRITERIO/MetodoMulticriterio.hpp" />
		<Unit filename="Superacion.cpp" />
		<Unit filename="Superacion.hpp" />
		<Unit filename="main.cpp" />
		<Extensions>
			<code_completion />
			<envvars />
			<debugger />
		</Extensions>
	</Project>
</CodeBlocks_project_file>
